
Microsoft Visual Studio Solution File, Format Version 12.00
# Visual Studio 15
VisualStudioVersion = 15.0.26730.8
MinimumVisualStudioVersion = 10.0.40219.1
Project("{FAE04EC0-301F-11D3-BF4B-00C04F79EFBC}") = "KurumsalWeb", "KurumsalWeb\KurumsalWeb.csproj", "{1F063292-FC0A-46BD-BE4F-B3FB24E64003}"
EndProject
Global
	GlobalSection(SolutionConfigurationPlatforms) = preSolution
		Debug|Any CPU = Debug|Any CPU
		Release|Any CPU = Release|Any CPU
	EndGlobalSection
	GlobalSection(ProjectConfigurationPlatforms) = postSolution
		{1F063292-FC0A-46BD-BE4F-B3FB24E64003}.Debug|Any CPU.ActiveCfg = Debug|Any CPU
		{1F063292-FC0A-46BD-BE4F-B3FB24E64003}.Debug|Any CPU.Build.0 = Debug|Any CPU
		{1F063292-FC0A-46BD-BE4F-B3FB24E64003}.Release|Any CPU.ActiveCfg = Release|Any CPU
		{1F063292-FC0A-46BD-BE4F-B3FB24E64003}.Release|Any CPU.Build.0 = Release|Any CPU
	EndGlobalSection
	GlobalSection(SolutionProperties) = preSolution
		HideSolutionNode = FALSE
	EndGlobalSection
	GlobalSection(ExtensibilityGlobals) = postSolution
		SolutionGuid = {36C6F595-C235-4664-9D7D-7EAF92C54C60}
	EndGlobalSection
EndGlobal
